
Microsoft Visual Studio Solution File, Format Version 12.00
# Visual Studio Version 16
VisualStudioVersion = 16.0.30002.166
MinimumVisualStudioVersion = 10.0.40219.1
Project("{FAE04EC0-301F-11D3-BF4B-00C04F79EFBC}") = "MeruTest", "MeruTest\MeruTest.csproj", "{18EBA293-FFAA-4EEB-AE1E-8E3B52751732}"
EndProject
Project("{FAE04EC0-301F-11D3-BF4B-00C04F79EFBC}") = "NumberTest", "NumberTest\NumberTest.csproj", "{67E7BD9C-8D0D-41A7-A292-7CFD99EEC295}"
EndProject
Global
	GlobalSection(SolutionConfigurationPlatforms) = preSolution
		Debug|Any CPU = Debug|Any CPU
		Release|Any CPU = Release|Any CPU
	EndGlobalSection
	GlobalSection(ProjectConfigurationPlatforms) = postSolution
		{18EBA293-FFAA-4EEB-AE1E-8E3B52751732}.Debug|Any CPU.ActiveCfg = Debug|Any CPU
		{18EBA293-FFAA-4EEB-AE1E-8E3B52751732}.Debug|Any CPU.Build.0 = Debug|Any CPU
		{18EBA293-FFAA-4EEB-AE1E-8E3B52751732}.Release|Any CPU.ActiveCfg = Release|Any CPU
		{18EBA293-FFAA-4EEB-AE1E-8E3B52751732}.Release|Any CPU.Build.0 = Release|Any CPU
		{67E7BD9C-8D0D-41A7-A292-7CFD99EEC295}.Debug|Any CPU.ActiveCfg = Debug|Any CPU
		{67E7BD9C-8D0D-41A7-A292-7CFD99EEC295}.Debug|Any CPU.Build.0 = Debug|Any CPU
		{67E7BD9C-8D0D-41A7-A292-7CFD99EEC295}.Release|Any CPU.ActiveCfg = Release|Any CPU
		{67E7BD9C-8D0D-41A7-A292-7CFD99EEC295}.Release|Any CPU.Build.0 = Release|Any CPU
	EndGlobalSection
	GlobalSection(SolutionProperties) = preSolution
		HideSolutionNode = FALSE
	EndGlobalSection
	GlobalSection(ExtensibilityGlobals) = postSolution
		SolutionGuid = {CC3F8152-DC60-4FBA-A4DB-B26B4E73DFA4}
	EndGlobalSection
EndGlobal
